
Microsoft Visual Studio Solution File, Format Version 12.00
Project("{FAE04EC0-301F-11D3-BF4B-00C04F79EFBC}") = "LiteDB.Benchmarks", "LiteDB.Benchmarks\LiteDB.Benchmarks.csproj", "{396AAF04-3F65-4409-A847-2C1ABCC7553A}"
EndProject
Global
	GlobalSection(SolutionConfigurationPlatforms) = preSolution
		Debug|Any CPU = Debug|Any CPU
		Release|Any CPU = Release|Any CPU
	EndGlobalSection
	GlobalSection(ProjectConfigurationPlatforms) = postSolution
		{396AAF04-3F65-4409-A847-2C1ABCC7553A}.Debug|Any CPU.ActiveCfg = Debug|Any CPU
		{396AAF04-3F65-4409-A847-2C1ABCC7553A}.Debug|Any CPU.Build.0 = Debug|Any CPU
		{396AAF04-3F65-4409-A847-2C1ABCC7553A}.Release|Any CPU.ActiveCfg = Release|Any CPU
		{396AAF04-3F65-4409-A847-2C1ABCC7553A}.Release|Any CPU.Build.0 = Release|Any CPU
	EndGlobalSection
EndGlobal
